
Microsoft Visual Studio Solution File, Format Version 12.00
# Visual Studio Version 17
VisualStudioVersion = 17.7.34031.279
MinimumVisualStudioVersion = 10.0.40219.1
Project("{9A19103F-16F7-4668-BE54-9A1E7A4F7556}") = "exmple", "example\exmple.csproj", "{A2F3E1C2-A0FB-41BA-9344-89EC203A2C59}"
EndProject
Global
	GlobalSection(SolutionConfigurationPlatforms) = preSolution
		Debug|Any CPU = Debug|Any CPU
		Release|Any CPU = Release|Any CPU
	EndGlobalSection
	GlobalSection(ProjectConfigurationPlatforms) = postSolution
		{A2F3E1C2-A0FB-41BA-9344-89EC203A2C59}.Debug|Any CPU.ActiveCfg = Debug|Any CPU
		{A2F3E1C2-A0FB-41BA-9344-89EC203A2C59}.Debug|Any CPU.Build.0 = Debug|Any CPU
		{A2F3E1C2-A0FB-41BA-9344-89EC203A2C59}.Release|Any CPU.ActiveCfg = Release|Any CPU
		{A2F3E1C2-A0FB-41BA-9344-89EC203A2C59}.Release|Any CPU.Build.0 = Release|Any CPU
	EndGlobalSection
	GlobalSection(SolutionProperties) = preSolution
		HideSolutionNode = FALSE
	EndGlobalSection
	GlobalSection(ExtensibilityGlobals) = postSolution
		SolutionGuid = {065911A2-27D9-49A1-9FF5-BE2484216C95}
	EndGlobalSection
EndGlobal
